
Microsoft Visual Studio Solution File, Format Version 12.00
# Visual Studio Version 17
VisualStudioVersion = 17.3.32804.467
MinimumVisualStudioVersion = 10.0.40219.1
Project("{9A19103F-16F7-4668-BE54-9A1E7A4F7556}") = "QueryHealthData", "QueryHealthData\QueryHealthData.csproj", "{BB338CE5-D0F1-4F85-85C8-F1AE145CE445}"
EndProject
Project("{9A19103F-16F7-4668-BE54-9A1E7A4F7556}") = "Bootstrap", "Bootstrap\Bootstrap.csproj", "{338015FF-42FF-41CA-BE73-52BFE6938394}"
EndProject
Project("{9A19103F-16F7-4668-BE54-9A1E7A4F7556}") = "CreateHealthData", "CreateHealthData\CreateHealthData.csproj", "{BE97571D-FB65-4331-B6DD-83F5234B708E}"
EndProject
Project("{9A19103F-16F7-4668-BE54-9A1E7A4F7556}") = "CreateHealthData.Tests", "CreateHealthData.Tests\CreateHealthData.Tests.csproj", "{463F1C3F-53CF-4E1D-A3EB-B1C3D6795EAC}"
EndProject
Project("{9A19103F-16F7-4668-BE54-9A1E7A4F7556}") = "QueryHealthData.Tests", "QueryHealthData.Tests\QueryHealthData.Tests.csproj", "{8ABA20FC-E88D-441F-B892-F9BDCB8C071B}"
EndProject
Global
	GlobalSection(SolutionConfigurationPlatforms) = preSolution
		Debug|Any CPU = Debug|Any CPU
		Release|Any CPU = Release|Any CPU
	EndGlobalSection
	GlobalSection(ProjectConfigurationPlatforms) = postSolution
		{BB338CE5-D0F1-4F85-85C8-F1AE145CE445}.Debug|Any CPU.ActiveCfg = Debug|Any CPU
		{BB338CE5-D0F1-4F85-85C8-F1AE145CE445}.Debug|Any CPU.Build.0 = Debug|Any CPU
		{BB338CE5-D0F1-4F85-85C8-F1AE145CE445}.Release|Any CPU.ActiveCfg = Release|Any CPU
		{BB338CE5-D0F1-4F85-85C8-F1AE145CE445}.Release|Any CPU.Build.0 = Release|Any CPU
		{338015FF-42FF-41CA-BE73-52BFE6938394}.Debug|Any CPU.ActiveCfg = Debug|Any CPU
		{338015FF-42FF-41CA-BE73-52BFE6938394}.Debug|Any CPU.Build.0 = Debug|Any CPU
		{338015FF-42FF-41CA-BE73-52BFE6938394}.Release|Any CPU.ActiveCfg = Release|Any CPU
		{338015FF-42FF-41CA-BE73-52BFE6938394}.Release|Any CPU.Build.0 = Release|Any CPU
		{BE97571D-FB65-4331-B6DD-83F5234B708E}.Debug|Any CPU.ActiveCfg = Debug|Any CPU
		{BE97571D-FB65-4331-B6DD-83F5234B708E}.Debug|Any CPU.Build.0 = Debug|Any CPU
		{BE97571D-FB65-4331-B6DD-83F5234B708E}.Release|Any CPU.ActiveCfg = Release|Any CPU
		{BE97571D-FB65-4331-B6DD-83F5234B708E}.Release|Any CPU.Build.0 = Release|Any CPU
		{463F1C3F-53CF-4E1D-A3EB-B1C3D6795EAC}.Debug|Any CPU.ActiveCfg = Debug|Any CPU
		{463F1C3F-53CF-4E1D-A3EB-B1C3D6795EAC}.Debug|Any CPU.Build.0 = Debug|Any CPU
		{463F1C3F-53CF-4E1D-A3EB-B1C3D6795EAC}.Release|Any CPU.ActiveCfg = Release|Any CPU
		{463F1C3F-53CF-4E1D-A3EB-B1C3D6795EAC}.Release|Any CPU.Build.0 = Release|Any CPU
		{8ABA20FC-E88D-441F-B892-F9BDCB8C071B}.Debug|Any CPU.ActiveCfg = Debug|Any CPU
		{8ABA20FC-E88D-441F-B892-F9BDCB8C071B}.Debug|Any CPU.Build.0 = Debug|Any CPU
		{8ABA20FC-E88D-441F-B892-F9BDCB8C071B}.Release|Any CPU.ActiveCfg = Release|Any CPU
		{8ABA20FC-E88D-441F-B892-F9BDCB8C071B}.Release|Any CPU.Build.0 = Release|Any CPU
	EndGlobalSection
	GlobalSection(SolutionProperties) = preSolution
		HideSolutionNode = FALSE
	EndGlobalSection
	GlobalSection(ExtensibilityGlobals) = postSolution
		SolutionGuid = {BCA2EA87-956C-4A66-8A6F-F5301AD41E04}
	EndGlobalSection
EndGlobal
